
Microsoft Visual Studio Solution File, Format Version 12.00
# Visual Studio 14
VisualStudioVersion = 14.0.25420.1
MinimumVisualStudioVersion = 10.0.40219.1
Project("{FAE04EC0-301F-11D3-BF4B-00C04F79EFBC}") = "Corcav.Behaviors", "Corcav.Behaviors\Corcav.Behaviors.csproj", "{C10D28A1-FA73-4823-B829-C1353D213EFC}"
EndProject
Project("{FAE04EC0-301F-11D3-BF4B-00C04F79EFBC}") = "Corcav.Behaviors.Demo", "Corcav.Behaviors.Demo\Corcav.Behaviors.Demo.csproj", "{8731AAE5-A046-40B6-A42F-F10298D29423}"
EndProject
Project("{FAE04EC0-301F-11D3-BF4B-00C04F79EFBC}") = "Corcav.Behaviors.Demo.Android", "Corcav.Behaviors.Demo.Android\Corcav.Behaviors.Demo.Android.csproj", "{8AEA6836-EBF7-432F-9466-44471AB8ED5F}"
EndProject
Project("{FAE04EC0-301F-11D3-BF4B-00C04F79EFBC}") = "Corcav.Behaviors.Demo.iOS", "Corcav.Behaviors.Demo.iOS\Corcav.Behaviors.Demo.iOS.csproj", "{A0975451-8153-4879-9E0D-7564205B9371}"
EndProject
Global
	GlobalSection(SolutionConfigurationPlatforms) = preSolution
		Debug|Any CPU = Debug|Any CPU
		Debug|Android = Debug|Android
		Debug|iPhone = Debug|iPhone
		Debug|iPhoneSimulator = Debug|iPhoneSimulator
		Release|Any CPU = Release|Any CPU
		Release|Android = Release|Android
		Release|iPhone = Release|iPhone
		Release|iPhoneSimulator = Release|iPhoneSimulator
	EndGlobalSection
	GlobalSection(ProjectConfigurationPlatforms) = postSolution
		{C10D28A1-FA73-4823-B829-C1353D213EFC}.Debug|Any CPU.ActiveCfg = Debug|Any CPU
		{C10D28A1-FA73-4823-B829-C1353D213EFC}.Debug|Any CPU.Build.0 = Debug|Any CPU
		{C10D28A1-FA73-4823-B829-C1353D213EFC}.Debug|iPhone.ActiveCfg = Debug|Any CPU
		{C10D28A1-FA73-4823-B829-C1353D213EFC}.Debug|iPhoneSimulator.ActiveCfg = Debug|Any CPU
		{C10D28A1-FA73-4823-B829-C1353D213EFC}.Debug|iPhoneSimulator.Build.0 = Debug|Any CPU
		{C10D28A1-FA73-4823-B829-C1353D213EFC}.Release|Any CPU.ActiveCfg = Release|Any CPU
		{C10D28A1-FA73-4823-B829-C1353D213EFC}.Release|Any CPU.Build.0 = Release|Any CPU
		{C10D28A1-FA73-4823-B829-C1353D213EFC}.Release|iPhone.ActiveCfg = Release|Any CPU
		{C10D28A1-FA73-4823-B829-C1353D213EFC}.Release|iPhoneSimulator.ActiveCfg = Release|Any CPU
		{C10D28A1-FA73-4823-B829-C1353D213EFC}.Release|iPhoneSimulator.Build.0 = Release|Any CPU
		{C10D28A1-FA73-4823-B829-C1353D213EFC}.Debug|Android.ActiveCfg = Debug|Any CPU
		{C10D28A1-FA73-4823-B829-C1353D213EFC}.Debug|Android.Build.0 = Debug|Any CPU
		{C10D28A1-FA73-4823-B829-C1353D213EFC}.Release|Android.ActiveCfg = Release|Any CPU
		{C10D28A1-FA73-4823-B829-C1353D213EFC}.Release|Android.Build.0 = Release|Any CPU
		{C10D28A1-FA73-4823-B829-C1353D213EFC}.Debug|iPhone.Build.0 = Debug|Any CPU
		{C10D28A1-FA73-4823-B829-C1353D213EFC}.Release|iPhone.Build.0 = Release|Any CPU
		{8731AAE5-A046-40B6-A42F-F10298D29423}.Debug|Any CPU.ActiveCfg = Debug|Any CPU
		{8731AAE5-A046-40B6-A42F-F10298D29423}.Debug|Any CPU.Build.0 = Debug|Any CPU
		{8731AAE5-A046-40B6-A42F-F10298D29423}.Debug|iPhone.ActiveCfg = Debug|Any CPU
		{8731AAE5-A046-40B6-A42F-F10298D29423}.Debug|iPhone.Build.0 = Debug|Any CPU
		{8731AAE5-A046-40B6-A42F-F10298D29423}.Debug|iPhoneSimulator.ActiveCfg = Debug|Any CPU
		{8731AAE5-A046-40B6-A42F-F10298D29423}.Debug|iPhoneSimulator.Build.0 = Debug|Any CPU
		{8731AAE5-A046-40B6-A42F-F10298D29423}.Release|Any CPU.ActiveCfg = Release|Any CPU
		{8731AAE5-A046-40B6-A42F-F10298D29423}.Release|Any CPU.Build.0 = Release|Any CPU
		{8731AAE5-A046-40B6-A42F-F10298D29423}.Release|iPhone.ActiveCfg = Release|Any CPU
		{8731AAE5-A046-40B6-A42F-F10298D29423}.Release|iPhone.Build.0 = Release|Any CPU
		{8731AAE5-A046-40B6-A42F-F10298D29423}.Release|iPhoneSimulator.ActiveCfg = Release|Any CPU
		{8731AAE5-A046-40B6-A42F-F10298D29423}.Release|iPhoneSimulator.Build.0 = Release|Any CPU
		{8731AAE5-A046-40B6-A42F-F10298D29423}.Debug|Android.ActiveCfg = Debug|Any CPU
		{8731AAE5-A046-40B6-A42F-F10298D29423}.Debug|Android.Build.0 = Debug|Any CPU
		{8731AAE5-A046-40B6-A42F-F10298D29423}.Release|Android.ActiveCfg = Release|Any CPU
		{8731AAE5-A046-40B6-A42F-F10298D29423}.Release|Android.Build.0 = Release|Any CPU
		{8AEA6836-EBF7-432F-9466-44471AB8ED5F}.Debug|Any CPU.ActiveCfg = Debug|Any CPU
		{8AEA6836-EBF7-432F-9466-44471AB8ED5F}.Debug|Any CPU.Build.0 = Debug|Any CPU
		{8AEA6836-EBF7-432F-9466-44471AB8ED5F}.Debug|iPhone.ActiveCfg = Debug|Any CPU
		{8AEA6836-EBF7-432F-9466-44471AB8ED5F}.Debug|iPhoneSimulator.ActiveCfg = Debug|Any CPU
		{8AEA6836-EBF7-432F-9466-44471AB8ED5F}.Release|Any CPU.ActiveCfg = Release|Any CPU
		{8AEA6836-EBF7-432F-9466-44471AB8ED5F}.Release|Any CPU.Build.0 = Release|Any CPU
		{8AEA6836-EBF7-432F-9466-44471AB8ED5F}.Release|iPhone.ActiveCfg = Release|Any CPU
		{8AEA6836-EBF7-432F-9466-44471AB8ED5F}.Release|iPhoneSimulator.ActiveCfg = Release|Any CPU
		{8AEA6836-EBF7-432F-9466-44471AB8ED5F}.Debug|Android.ActiveCfg = Debug|Any CPU
		{8AEA6836-EBF7-432F-9466-44471AB8ED5F}.Debug|Android.Build.0 = Debug|Any CPU
		{8AEA6836-EBF7-432F-9466-44471AB8ED5F}.Release|Android.ActiveCfg = Release|Any CPU
		{8AEA6836-EBF7-432F-9466-44471AB8ED5F}.Release|Android.Build.0 = Release|Any CPU
		{A0975451-8153-4879-9E0D-7564205B9371}.Debug|Any CPU.ActiveCfg = Debug|iPhoneSimulator
		{A0975451-8153-4879-9E0D-7564205B9371}.Debug|Any CPU.Build.0 = Debug|iPhoneSimulator
		{A0975451-8153-4879-9E0D-7564205B9371}.Debug|iPhone.ActiveCfg = Debug|iPhone
		{A0975451-8153-4879-9E0D-7564205B9371}.Debug|iPhone.Build.0 = Debug|iPhone
		{A0975451-8153-4879-9E0D-7564205B9371}.Debug|iPhoneSimulator.ActiveCfg = Debug|iPhoneSimulator
		{A0975451-8153-4879-9E0D-7564205B9371}.Debug|iPhoneSimulator.Build.0 = Debug|iPhoneSimulator
		{A0975451-8153-4879-9E0D-7564205B9371}.Release|Any CPU.ActiveCfg = Release|iPhoneSimulator
		{A0975451-8153-4879-9E0D-7564205B9371}.Release|Any CPU.Build.0 = Release|iPhoneSimulator
		{A0975451-8153-4879-9E0D-7564205B9371}.Release|iPhone.ActiveCfg = Release|iPhone
		{A0975451-8153-4879-9E0D-7564205B9371}.Release|iPhone.Build.0 = Release|iPhone
		{A0975451-8153-4879-9E0D-7564205B9371}.Release|iPhoneSimulator.ActiveCfg = Release|iPhoneSimulator
		{A0975451-8153-4879-9E0D-7564205B9371}.Release|iPhoneSimulator.Build.0 = Release|iPhoneSimulator
	EndGlobalSection
	GlobalSection(SolutionProperties) = preSolution
		HideSolutionNode = FALSE
	EndGlobalSection
EndGlobal
